
Microsoft Visual Studio Solution File, Format Version 12.00
# Visual Studio Version 16
VisualStudioVersion = 16.0.31205.134
MinimumVisualStudioVersion = 10.0.40219.1
Project("{FAE04EC0-301F-11D3-BF4B-00C04F79EFBC}") = "SweetTea", "SweetTea\SweetTea.csproj", "{36BAE17B-CC49-4FD0-867F-FEE555756F46}"
EndProject
Global
	GlobalSection(SolutionConfigurationPlatforms) = preSolution
		Debug|Any CPU = Debug|Any CPU
		Release|Any CPU = Release|Any CPU
	EndGlobalSection
	GlobalSection(ProjectConfigurationPlatforms) = postSolution
		{36BAE17B-CC49-4FD0-867F-FEE555756F46}.Debug|Any CPU.ActiveCfg = Debug|Any CPU
		{36BAE17B-CC49-4FD0-867F-FEE555756F46}.Debug|Any CPU.Build.0 = Debug|Any CPU
		{36BAE17B-CC49-4FD0-867F-FEE555756F46}.Release|Any CPU.ActiveCfg = Release|Any CPU
		{36BAE17B-CC49-4FD0-867F-FEE555756F46}.Release|Any CPU.Build.0 = Release|Any CPU
	EndGlobalSection
	GlobalSection(SolutionProperties) = preSolution
		HideSolutionNode = FALSE
	EndGlobalSection
	GlobalSection(ExtensibilityGlobals) = postSolution
		SolutionGuid = {61EC1760-B08F-4A95-8AF2-D27AC46361EE}
	EndGlobalSection
EndGlobal
